
Microsoft Visual Studio Solution File, Format Version 12.00
# Visual Studio Version 17
VisualStudioVersion = 17.4.33205.214
MinimumVisualStudioVersion = 10.0.40219.1
Project("{FAE04EC0-301F-11D3-BF4B-00C04F79EFBC}") = "quiz1", "quiz1\quiz1.csproj", "{F232ADFC-44B5-4977-9334-32C69F145AD3}"
EndProject
Global
	GlobalSection(SolutionConfigurationPlatforms) = preSolution
		Debug|Any CPU = Debug|Any CPU
		Release|Any CPU = Release|Any CPU
	EndGlobalSection
	GlobalSection(ProjectConfigurationPlatforms) = postSolution
		{F232ADFC-44B5-4977-9334-32C69F145AD3}.Debug|Any CPU.ActiveCfg = Debug|Any CPU
		{F232ADFC-44B5-4977-9334-32C69F145AD3}.Debug|Any CPU.Build.0 = Debug|Any CPU
		{F232ADFC-44B5-4977-9334-32C69F145AD3}.Release|Any CPU.ActiveCfg = Release|Any CPU
		{F232ADFC-44B5-4977-9334-32C69F145AD3}.Release|Any CPU.Build.0 = Release|Any CPU
	EndGlobalSection
	GlobalSection(SolutionProperties) = preSolution
		HideSolutionNode = FALSE
	EndGlobalSection
	GlobalSection(ExtensibilityGlobals) = postSolution
		SolutionGuid = {59C0A7B2-0D88-47AE-85E7-3F8FE74BB058}
	EndGlobalSection
EndGlobal
